
Microsoft Visual Studio Solution File, Format Version 12.00
# Visual Studio Version 17
VisualStudioVersion = 17.7.34031.279
MinimumVisualStudioVersion = 10.0.40219.1
Project("{FAE04EC0-301F-11D3-BF4B-00C04F79EFBC}") = "RestWithASPNETUdemy", "RestWithASPNETUdemy\RestWithASPNETUdemy.csproj", "{2C71C636-65D3-4728-A49C-685AD4E34829}"
EndProject
Global
	GlobalSection(SolutionConfigurationPlatforms) = preSolution
		Debug|Any CPU = Debug|Any CPU
		Release|Any CPU = Release|Any CPU
	EndGlobalSection
	GlobalSection(ProjectConfigurationPlatforms) = postSolution
		{2C71C636-65D3-4728-A49C-685AD4E34829}.Debug|Any CPU.ActiveCfg = Debug|Any CPU
		{2C71C636-65D3-4728-A49C-685AD4E34829}.Debug|Any CPU.Build.0 = Debug|Any CPU
		{2C71C636-65D3-4728-A49C-685AD4E34829}.Release|Any CPU.ActiveCfg = Release|Any CPU
		{2C71C636-65D3-4728-A49C-685AD4E34829}.Release|Any CPU.Build.0 = Release|Any CPU
	EndGlobalSection
	GlobalSection(SolutionProperties) = preSolution
		HideSolutionNode = FALSE
	EndGlobalSection
	GlobalSection(ExtensibilityGlobals) = postSolution
		SolutionGuid = {54DFBD8E-E7DF-4646-84AE-C3586F604FFE}
	EndGlobalSection
EndGlobal
